
Microsoft Visual Studio Solution File, Format Version 12.00
# Visual Studio Version 16
VisualStudioVersion = 16.0.33328.57
MinimumVisualStudioVersion = 10.0.40219.1
Project("{8BC9CEB8-8B4A-11D0-8D11-00A0C91BC942}") = "EternalPurple", "EternalPurple\EternalPurple.vcxproj", "{D745E4AF-2851-4BAD-A87F-1E3A7C7EA036}"
EndProject
Global
	GlobalSection(SolutionConfigurationPlatforms) = preSolution
		Debug|x64 = Debug|x64
		Debug|x86 = Debug|x86
		Release|x64 = Release|x64
		Release|x86 = Release|x86
	EndGlobalSection
	GlobalSection(ProjectConfigurationPlatforms) = postSolution
		{D745E4AF-2851-4BAD-A87F-1E3A7C7EA036}.Debug|x64.ActiveCfg = Debug|x64
		{D745E4AF-2851-4BAD-A87F-1E3A7C7EA036}.Debug|x64.Build.0 = Debug|x64
		{D745E4AF-2851-4BAD-A87F-1E3A7C7EA036}.Debug|x86.ActiveCfg = Debug|Win32
		{D745E4AF-2851-4BAD-A87F-1E3A7C7EA036}.Debug|x86.Build.0 = Debug|Win32
		{D745E4AF-2851-4BAD-A87F-1E3A7C7EA036}.Release|x64.ActiveCfg = Release|x64
		{D745E4AF-2851-4BAD-A87F-1E3A7C7EA036}.Release|x64.Build.0 = Release|x64
		{D745E4AF-2851-4BAD-A87F-1E3A7C7EA036}.Release|x86.ActiveCfg = Release|Win32
		{D745E4AF-2851-4BAD-A87F-1E3A7C7EA036}.Release|x86.Build.0 = Release|Win32
	EndGlobalSection
	GlobalSection(SolutionProperties) = preSolution
		HideSolutionNode = FALSE
	EndGlobalSection
	GlobalSection(ExtensibilityGlobals) = postSolution
		SolutionGuid = {0FC6847D-AAC5-4FC3-9AFD-86F239680B38}
	EndGlobalSection
EndGlobal
